{
  "version": 4,
  "terraform_version": "1.6.6",
  "serial": 109,
  "lineage": "691ea758-a8a8-ed37-93d5-ee23db43f0e2",
  "outputs": {
    "list_output": {
      "value": [
        "user5",
        "user6",
        "user7"
      ],
      "type": [
        "list",
        "string"
      ]
    },
    "map_output": {
      "value": {
        "statement1": "Hello",
        "statement2": "World"
      },
      "type": [
        "map",
        "string"
      ]
    },
    "num_output": {
      "value": 42,
      "type": "number"
    },
    "obj_output": {
      "value": {
        "age": 30,
        "name": "Vaibhav"
      },
      "type": [
        "object",
        {
          "age": "number",
          "name": "string"
        }
      ]
    },
    "str_output": {
      "value": "hiiii",
      "type": "string"
    }
  },
  "resources": [
    {
      "mode": "managed",
      "type": "local_file",
      "name": "file1",
      "provider": "provider[\"registry.terraform.io/hashicorp/local\"]",
      "instances": [
        {
          "schema_version": 0,
          "attributes": {
            "content": "hiiii",
            "content_base64": null,
            "content_base64sha256": "OMx3/Gr7OTdYD3Jkd8oByWGr9wRvS9kLw8iCWaiLt1c=",
            "content_base64sha512": "vMS6x4UmP//9PKp0OHFg4ocfLvZ1UoI0IAik6R3s1B8Gg+w3VHAxjh/cM2pF3RqEUlPEylgtZ+zDa2/jYXZm+Q==",
            "content_md5": "524029f8bb1945c75007ac4580bbbb59",
            "content_sha1": "b6f1287842eed3d3448c43e391ae0c9c772d720a",
            "content_sha256": "38cc77fc6afb3937580f726477ca01c961abf7046f4bd90bc3c88259a88bb757",
            "content_sha512": "bcc4bac785263ffffd3caa74387160e2871f2ef6755282342008a4e91decd41f0683ec375470318e1fdc336a45dd1a845253c4ca582d67ecc36b6fe3617666f9",
            "directory_permission": "0777",
            "file_permission": "0777",
            "filename": "./d1/string.txt",
            "id": "b6f1287842eed3d3448c43e391ae0c9c772d720a",
            "sensitive_content": null,
            "source": null
          },
          "sensitive_attributes": []
        }
      ]
    },
    {
      "mode": "managed",
      "type": "local_file",
      "name": "file2",
      "provider": "provider[\"registry.terraform.io/hashicorp/local\"]",
      "instances": [
        {
          "schema_version": 0,
          "attributes": {
            "content": "42",
            "content_base64": null,
            "content_base64sha256": "c0dctApWjo2ooEXO0RATfhWfiQrE2og7axfcZRs6gEk=",
            "content_base64sha512": "Ocp86ezGn2lr99ILsj3RUhtkH4Bsx6a3JKqmzb/7OgI/+YrnMiUVayxsnO3b/Bb1RT6PpJ/BDl2Wo4hVRqRu9A==",
            "content_md5": "a1d0c6e83f027327d8461063f4ac58a6",
            "content_sha1": "92cfceb39d57d914ed8b14d0e37643de0797ae56",
            "content_sha256": "73475cb40a568e8da8a045ced110137e159f890ac4da883b6b17dc651b3a8049",
            "content_sha512": "39ca7ce9ecc69f696bf7d20bb23dd1521b641f806cc7a6b724aaa6cdbffb3a023ff98ae73225156b2c6c9ceddbfc16f5453e8fa49fc10e5d96a3885546a46ef4",
            "directory_permission": "0777",
            "file_permission": "0777",
            "filename": "./d1/num.txt",
            "id": "92cfceb39d57d914ed8b14d0e37643de0797ae56",
            "sensitive_content": null,
            "source": null
          },
          "sensitive_attributes": []
        }
      ]
    },
    {
      "mode": "managed",
      "type": "local_file",
      "name": "file3",
      "provider": "provider[\"registry.terraform.io/hashicorp/local\"]",
      "instances": [
        {
          "schema_version": 0,
          "attributes": {
            "content": "user6\r\nuser7\r\n\r\n",
            "content_base64": null,
            "content_base64sha256": "anXsrE6MibcHulOyel0nyvkgG2N1LSmh57jEhgQ7+oY=",
            "content_base64sha512": "9CrImrf/ZuX2OF//jUQPVt9nvwfJaaorZeyMGD+1BMUIHn0MX7C9pjQZsxuOvO77dwrmCSgYHRYgiWky6bPQug==",
            "content_md5": "fd8616967380b347ce15a7037c617f99",
            "content_sha1": "f4764cf7652a73a889635fa5c7b8cd5fae531139",
            "content_sha256": "6a75ecac4e8c89b707ba53b27a5d27caf9201b63752d29a1e7b8c486043bfa86",
            "content_sha512": "f42ac89ab7ff66e5f6385fff8d440f56df67bf07c969aa2b65ec8c183fb504c5081e7d0c5fb0bda63419b31b8ebceefb770ae60928181d1620896932e9b3d0ba",
            "directory_permission": "0777",
            "file_permission": "0777",
            "filename": "./d2/list.txt",
            "id": "f4764cf7652a73a889635fa5c7b8cd5fae531139",
            "sensitive_content": null,
            "source": null
          },
          "sensitive_attributes": []
        }
      ]
    },
    {
      "mode": "managed",
      "type": "local_file",
      "name": "file4",
      "provider": "provider[\"registry.terraform.io/hashicorp/local\"]",
      "instances": [
        {
          "schema_version": 0,
          "attributes": {
            "content": "Hello",
            "content_base64": null,
            "content_base64sha256": "GF+NsyJx/iX1Yab8k4suJkMG7DBO2lGAB9F2SCY4GWk=",
            "content_base64sha512": "NhX4DJ0pPtdAJof5SyLVjlKbjMeRb4+sf933+9WvTPd309eVp6AKFr9+fz+5Vh7puq5IDan+ehh2nnGIawPzFQ==",
            "content_md5": "8b1a9953c4611296a827abf8c47804d7",
            "content_sha1": "f7ff9e8b7bb2e09b70935a5d785e0cc5d9d0abf0",
            "content_sha256": "185f8db32271fe25f561a6fc938b2e264306ec304eda518007d1764826381969",
            "content_sha512": "3615f80c9d293ed7402687f94b22d58e529b8cc7916f8fac7fddf7fbd5af4cf777d3d795a7a00a16bf7e7f3fb9561ee9baae480da9fe7a18769e71886b03f315",
            "directory_permission": "0777",
            "file_permission": "0777",
            "filename": "./d3/map.txt",
            "id": "f7ff9e8b7bb2e09b70935a5d785e0cc5d9d0abf0",
            "sensitive_content": null,
            "source": null
          },
          "sensitive_attributes": []
        }
      ]
    },
    {
      "mode": "managed",
      "type": "local_file",
      "name": "file5",
      "provider": "provider[\"registry.terraform.io/hashicorp/local\"]",
      "instances": [
        {
          "schema_version": 0,
          "attributes": {
            "content": "30",
            "content_base64": null,
            "content_base64sha256": "YktgxYydi/tv8YhsL9YF0q3rbqTaV2BoIBtsaVjOk/Q=",
            "content_base64sha512": "HMv/M+VWJ6UL7KjPXIn3fDFl3LMhgXEwhCPyUPC7C+lwC7/dktNd+i5XkRAmakAZTXB7UOfSe28JuB+7+AIxow==",
            "content_md5": "34173cb38f07f89ddbebc2ac9128303f",
            "content_sha1": "22d200f8670dbdb3e253a90eee5098477c95c23d",
            "content_sha256": "624b60c58c9d8bfb6ff1886c2fd605d2adeb6ea4da576068201b6c6958ce93f4",
            "content_sha512": "1ccbff33e55627a50beca8cf5c89f77c3165dcb3218171308423f250f0bb0be9700bbfdd92d35dfa2e579110266a40194d707b50e7d27b6f09b81fbbf80231a3",
            "directory_permission": "0777",
            "file_permission": "0777",
            "filename": "./d3/obj.txt",
            "id": "22d200f8670dbdb3e253a90eee5098477c95c23d",
            "sensitive_content": null,
            "source": null
          },
          "sensitive_attributes": []
        }
      ]
    }
  ],
  "check_results": null
}
